# This file is automatically @generated by Poetry 1.8.3 and should not be changed by hand.

[[package]]
name = "confluent-kafka"
version = "2.6.1"
description = "Confluent's Python client for Apache Kafka"
optional = false
python-versions = ">=3.7"
files = [
    {file = "confluent_kafka-2.6.1-cp310-cp310-macosx_10_9_x86_64.whl", hash = "sha256:832f17bc8568bdec1823a46ebe66e0ccbffbb0f5917f8ed6226258186aed9bae"},
    {file = "confluent_kafka-2.6.1-cp310-cp310-macosx_11_0_arm64.whl", hash = "sha256:c41b8461958690aa35ceb5619cf910c664535fb395a8f331998c74760d51e1d1"},
    {file = "confluent_kafka-2.6.1-cp310-cp310-manylinux_2_28_aarch64.whl", hash = "sha256:8fef7efc866e12db75060d3ec7b74cd6cf5322d8bf72267f1e3204a98ee6b75b"},
    {file = "confluent_kafka-2.6.1-cp310-cp310-manylinux_2_28_x86_64.whl", hash = "sha256:802af9c60c1c0e068adfc73a10322f9d9d9260f508978ebe853cd6d1e8d6f4ef"},
    {file = "confluent_kafka-2.6.1-cp310-cp310-win_amd64.whl", hash = "sha256:24cc1833658a93b727337fc31088f4e7d04fdc8e73eae3f946ecae0308737822"},
    {file = "confluent_kafka-2.6.1-cp311-cp311-macosx_10_9_x86_64.whl", hash = "sha256:db46641c7a48cc998900c4e85778c4ea838d2b940433948831deae0d883945f3"},
    {file = "confluent_kafka-2.6.1-cp311-cp311-macosx_11_0_arm64.whl", hash = "sha256:44d8d1bb3ffaba84f2e169614651662fb57c3645c50f88effb653d76149ac18e"},
    {file = "confluent_kafka-2.6.1-cp311-cp311-manylinux_2_28_aarch64.whl", hash = "sha256:56473c3e8189b63fceae42569c31e339d0b9a4aac2fb3d38f744400837251857"},
    {file = "confluent_kafka-2.6.1-cp311-cp311-manylinux_2_28_x86_64.whl", hash = "sha256:15af5ae70c9376aba62462f20dbc846364a41f6ae4071baac36a3adb44ec29bb"},
    {file = "confluent_kafka-2.6.1-cp311-cp311-win_amd64.whl", hash = "sha256:a6cea569aa1fb7171b59f87edaf000d40fe0f92f9722d107230a6338fbd20f61"},
    {file = "confluent_kafka-2.6.1-cp312-cp312-macosx_10_9_x86_64.whl", hash = "sha256:a5062f24f3af27f6edd63cb71a663144de09dd3249647c80c4aec9655a0ea1dd"},
    {file = "confluent_kafka-2.6.1-cp312-cp312-macosx_11_0_arm64.whl", hash = "sha256:a21b712b17362fd0602faa87c4363bd604f271ca62076bcf2d83ca91d2bd62c2"},
    {file = "confluent_kafka-2.6.1-cp312-cp312-manylinux_2_28_aarch64.whl", hash = "sha256:0c2b63f7f764dc504296a8a474a3f09e408a456626cf938635eb31f59cac59fa"},
    {file = "confluent_kafka-2.6.1-cp312-cp312-manylinux_2_28_x86_64.whl", hash = "sha256:298aa323eb8507862ccfa619367667b41ab76ddf3657e8a45dafe4b270208257"},
    {file = "confluent_kafka-2.6.1-cp312-cp312-win_amd64.whl", hash = "sha256:b17da915fc35b1bef49d599f685656f65f379094dbbc7aafc5ede1843cc72699"},
    {file = "confluent_kafka-2.6.1-cp313-cp313-macosx_13_0_arm64.whl", hash = "sha256:2584812d8834932e194929544d09325dd09039223aced7ab09095ffd4e96a1ca"},
    {file = "confluent_kafka-2.6.1-cp313-cp313-macosx_13_0_x86_64.whl", hash = "sha256:90853bbf466c57e0295076549b9b3b9cb6ab9447965977f3cde7f0790c39b5d6"},
    {file = "confluent_kafka-2.6.1-cp313-cp313-manylinux_2_28_aarch64.whl", hash = "sha256:8c38bf716dbf99bd0e84ba867417e397c4d544d37a530b28df6cadd227a57f98"},
    {file = "confluent_kafka-2.6.1-cp313-cp313-manylinux_2_28_x86_64.whl", hash = "sha256:efc94016d3b438f0af2ddd3f5a8fb293616fda296644f341161033b24282b23d"},
    {file = "confluent_kafka-2.6.1-cp313-cp313-win_amd64.whl", hash = "sha256:150735910da42c44f7fa21ad96e3ae0f52df34066f163d3f544001a64ea776d2"},
    {file = "confluent_kafka-2.6.1-cp37-cp37m-macosx_10_9_x86_64.whl", hash = "sha256:7670bf37fb46892a070f4b191edfe43d8564aa29446c80ddb32a95d183905086"},
    {file = "confluent_kafka-2.6.1-cp37-cp37m-manylinux_2_28_aarch64.whl", hash = "sha256:98cd678cc955cc3ab88b10823ef01aab2937f9d5ff0cba85abe5a5de11696159"},
    {file = "confluent_kafka-2.6.1-cp37-cp37m-manylinux_2_28_x86_64.whl", hash = "sha256:d250199230fdb90eeb48313ed5ca3526ec7a1f30a67c1ae1a98b4d98316172bc"},
    {file = "confluent_kafka-2.6.1-cp37-cp37m-win_amd64.whl", hash = "sha256:93e02a8fa4152355b95cd1d6fc82b987f318ca591439dace481d818ad2237ad5"},
    {file = "confluent_kafka-2.6.1-cp38-cp38-macosx_10_9_x86_64.whl", hash = "sha256:ac80ae38a3f44103191cd30177f2871ba6af26ca7511f496cf25f0962eccc523"},
    {file = "confluent_kafka-2.6.1-cp38-cp38-macosx_11_0_arm64.whl", hash = "sha256:cc22c426e2b87b92a93b4acd6c762a8cea3fae529ca0b1ba80165b358e041604"},
    {file = "confluent_kafka-2.6.1-cp38-cp38-manylinux_2_28_aarch64.whl", hash = "sha256:dc2ad05ad5283cf9280b64949ed1f83a7201c70ce22f262a8f1939d384e45bed"},
    {file = "confluent_kafka-2.6.1-cp38-cp38-manylinux_2_28_x86_64.whl", hash = "sha256:b5e22e09c7316b25c262e45aaffbf254605ebc1bcf0e8ec1fc77b941065acde9"},
    {file = "confluent_kafka-2.6.1-cp38-cp38-win_amd64.whl", hash = "sha256:fd2b97770525e1e181fab64f715c21593cc5e3ac858d71300de9a45e8453e31c"},
    {file = "confluent_kafka-2.6.1-cp39-cp39-macosx_10_9_x86_64.whl", hash = "sha256:e1f54816890249316b47a5d479041311445c2829cf71967e2abbc2a5581b06e0"},
    {file = "confluent_kafka-2.6.1-cp39-cp39-macosx_11_0_arm64.whl", hash = "sha256:65cb90cf046e649fd68414fb45b3c9b0db28b4f051474db78ebca527190fb246"},
    {file = "confluent_kafka-2.6.1-cp39-cp39-manylinux_2_28_aarch64.whl", hash = "sha256:b615cd8d35c94bed594bfc0905cf9d5e83f8be1ff49902898b29896748015394"},
    {file = "confluent_kafka-2.6.1-cp39-cp39-manylinux_2_28_x86_64.whl", hash = "sha256:e4294ff4e9031a31f2cb807e284aedbf988e49a27bfe90dec35aad9f8e07db9e"},
    {file = "confluent_kafka-2.6.1-cp39-cp39-win_amd64.whl", hash = "sha256:a6d3f65f6df9bdeeafd3de206159c0d0c529e17c89c839376df39af029ba1260"},
    {file = "confluent_kafka-2.6.1.tar.gz", hash = "sha256:71fdab0f65ccdb00eff0f14ccde65723ebbd20392723f8c1e87e5d8ab29e50cf"},
]

[package.extras]
all = ["avro (>=1.11.1,<2)", "confluent-kafka", "fastapi", "fastavro (<1.8.0)", "fastavro (<2)", "flake8", "jsonschema", "opentelemetry-distro", "opentelemetry-exporter-otlp", "protobuf", "psutil", "pydantic", "pyrsistent", "pyrsistent", "pyrsistent (==0.16.1)", "pytest", "pytest-timeout", "requests", "requests-mock", "six", "sphinx", "sphinx-rtd-theme", "urllib3 (<2.0.0)", "urllib3 (>=2.0.0,<3)", "uvicorn"]
avro = ["avro (>=1.11.1,<2)", "fastavro (<1.8.0)", "fastavro (<2)", "requests"]
dev = ["avro (>=1.11.1,<2)", "confluent-kafka", "fastapi", "fastavro (<1.8.0)", "fastavro (<2)", "flake8", "jsonschema", "protobuf", "pydantic", "pyrsistent", "pyrsistent", "pyrsistent (==0.16.1)", "pytest", "pytest-timeout", "requests", "requests-mock", "six", "sphinx", "sphinx-rtd-theme", "urllib3 (<2.0.0)", "urllib3 (>=2.0.0,<3)", "uvicorn"]
docs = ["avro (>=1.11.1,<2)", "fastavro (<1.8.0)", "fastavro (<2)", "jsonschema", "protobuf", "pyrsistent", "requests", "sphinx", "sphinx-rtd-theme"]
examples = ["confluent-kafka", "fastapi", "jsonschema", "protobuf", "pydantic", "pyrsistent", "pyrsistent (==0.16.1)", "requests", "six", "uvicorn"]
json = ["jsonschema", "pyrsistent", "requests"]
protobuf = ["protobuf", "requests"]
schemaregistry = ["requests"]
soaktest = ["opentelemetry-distro", "opentelemetry-exporter-otlp", "psutil"]
tests = ["avro (>=1.11.1,<2)", "fastavro (<1.8.0)", "fastavro (<2)", "flake8", "jsonschema", "protobuf", "pyrsistent", "pytest", "pytest-timeout", "requests", "requests-mock", "urllib3 (<2.0.0)", "urllib3 (>=2.0.0,<3)"]

[[package]]
name = "isort"
version = "5.13.2"
description = "A Python utility / library to sort Python imports."
optional = false
python-versions = ">=3.8.0"
files = [
    {file = "isort-5.13.2-py3-none-any.whl", hash = "sha256:8ca5e72a8d85860d5a3fa69b8745237f2939afe12dbf656afbcb47fe72d947a6"},
    {file = "isort-5.13.2.tar.gz", hash = "sha256:48fdfcb9face5d58a4f6dde2e72a1fb8dcaf8ab26f95ab49fab84c2ddefb0109"},
]

[package.extras]
colors = ["colorama (>=0.4.6)"]

[[package]]
name = "ruff"
version = "0.7.4"
description = "An extremely fast Python linter and code formatter, written in Rust."
optional = false
python-versions = ">=3.7"
files = [
    {file = "ruff-0.7.4-py3-none-linux_armv6l.whl", hash = "sha256:a4919925e7684a3f18e18243cd6bea7cfb8e968a6eaa8437971f681b7ec51478"},
    {file = "ruff-0.7.4-py3-none-macosx_10_12_x86_64.whl", hash = "sha256:cfb365c135b830778dda8c04fb7d4280ed0b984e1aec27f574445231e20d6c63"},
    {file = "ruff-0.7.4-py3-none-macosx_11_0_arm64.whl", hash = "sha256:63a569b36bc66fbadec5beaa539dd81e0527cb258b94e29e0531ce41bacc1f20"},
    {file = "ruff-0.7.4-py3-none-manylinux_2_17_aarch64.manylinux2014_aarch64.whl", hash = "sha256:0d06218747d361d06fd2fdac734e7fa92df36df93035db3dc2ad7aa9852cb109"},
    {file = "ruff-0.7.4-py3-none-manylinux_2_17_armv7l.manylinux2014_armv7l.whl", hash = "sha256:e0cea28d0944f74ebc33e9f934238f15c758841f9f5edd180b5315c203293452"},
    {file = "ruff-0.7.4-py3-none-manylinux_2_17_i686.manylinux2014_i686.whl", hash = "sha256:80094ecd4793c68b2571b128f91754d60f692d64bc0d7272ec9197fdd09bf9ea"},
    {file = "ruff-0.7.4-py3-none-manylinux_2_17_ppc64.manylinux2014_ppc64.whl", hash = "sha256:997512325c6620d1c4c2b15db49ef59543ef9cd0f4aa8065ec2ae5103cedc7e7"},
    {file = "ruff-0.7.4-py3-none-manylinux_2_17_ppc64le.manylinux2014_ppc64le.whl", hash = "sha256:00b4cf3a6b5fad6d1a66e7574d78956bbd09abfd6c8a997798f01f5da3d46a05"},
    {file = "ruff-0.7.4-py3-none-manylinux_2_17_s390x.manylinux2014_s390x.whl", hash = "sha256:7dbdc7d8274e1422722933d1edddfdc65b4336abf0b16dfcb9dedd6e6a517d06"},
    {file = "ruff-0.7.4-py3-none-manylinux_2_17_x86_64.manylinux2014_x86_64.whl", hash = "sha256:0e92dfb5f00eaedb1501b2f906ccabfd67b2355bdf117fea9719fc99ac2145bc"},
    {file = "ruff-0.7.4-py3-none-musllinux_1_2_aarch64.whl", hash = "sha256:3bd726099f277d735dc38900b6a8d6cf070f80828877941983a57bca1cd92172"},
    {file = "ruff-0.7.4-py3-none-musllinux_1_2_armv7l.whl", hash = "sha256:2e32829c429dd081ee5ba39aef436603e5b22335c3d3fff013cd585806a6486a"},
    {file = "ruff-0.7.4-py3-none-musllinux_1_2_i686.whl", hash = "sha256:662a63b4971807623f6f90c1fb664613f67cc182dc4d991471c23c541fee62dd"},
    {file = "ruff-0.7.4-py3-none-musllinux_1_2_x86_64.whl", hash = "sha256:876f5e09eaae3eb76814c1d3b68879891d6fde4824c015d48e7a7da4cf066a3a"},
    {file = "ruff-0.7.4-py3-none-win32.whl", hash = "sha256:75c53f54904be42dd52a548728a5b572344b50d9b2873d13a3f8c5e3b91f5cac"},
    {file = "ruff-0.7.4-py3-none-win_amd64.whl", hash = "sha256:745775c7b39f914238ed1f1b0bebed0b9155a17cd8bc0b08d3c87e4703b990d6"},
    {file = "ruff-0.7.4-py3-none-win_arm64.whl", hash = "sha256:11bff065102c3ae9d3ea4dc9ecdfe5a5171349cdd0787c1fc64761212fc9cf1f"},
    {file = "ruff-0.7.4.tar.gz", hash = "sha256:cd12e35031f5af6b9b93715d8c4f40360070b2041f81273d0527683d5708fce2"},
]

[metadata]
lock-version = "2.0"
python-versions = "^3.12"
content-hash = "766612486ac2e3ed8994657290794c56408c69b0212d5b791509af8385ae3fcb"
